
Microsoft Visual Studio Solution File, Format Version 12.00
# Visual Studio 14
VisualStudioVersion = 14.0.23107.0
MinimumVisualStudioVersion = 10.0.40219.1
Project("{E24C65DC-7377-472B-9ABA-BC803B73C61A}") = "Ricerca", ".", "{7FAF8FA4-3682-4068-B43A-78113F7B60FE}"
	ProjectSection(WebsiteProperties) = preProject
		TargetFrameworkMoniker = ".NETFramework,Version%3Dv4.0"
		Debug.AspNetCompiler.VirtualPath = "/localhost_9351"
		Debug.AspNetCompiler.PhysicalPath = "..\Ricerca Complessa Privata\"
		Debug.AspNetCompiler.TargetPath = "PrecompiledWeb\localhost_9351\"
		Debug.AspNetCompiler.Updateable = "true"
		Debug.AspNetCompiler.ForceOverwrite = "true"
		Debug.AspNetCompiler.FixedNames = "false"
		Debug.AspNetCompiler.Debug = "True"
		Release.AspNetCompiler.VirtualPath = "/localhost_9351"
		Release.AspNetCompiler.PhysicalPath = "..\Ricerca Complessa Privata\"
		Release.AspNetCompiler.TargetPath = "PrecompiledWeb\localhost_9351\"
		Release.AspNetCompiler.Updateable = "true"
		Release.AspNetCompiler.ForceOverwrite = "true"
		Release.AspNetCompiler.FixedNames = "false"
		Release.AspNetCompiler.Debug = "False"
		VWDPort = "9351"
		SlnRelativePath = "..\Ricerca Complessa Privata\"
	EndProjectSection
EndProject
Global
	GlobalSection(SolutionConfigurationPlatforms) = preSolution
		Debug|Any CPU = Debug|Any CPU
	EndGlobalSection
	GlobalSection(ProjectConfigurationPlatforms) = postSolution
		{7FAF8FA4-3682-4068-B43A-78113F7B60FE}.Debug|Any CPU.ActiveCfg = Debug|Any CPU
		{7FAF8FA4-3682-4068-B43A-78113F7B60FE}.Debug|Any CPU.Build.0 = Debug|Any CPU
	EndGlobalSection
	GlobalSection(SolutionProperties) = preSolution
		HideSolutionNode = FALSE
	EndGlobalSection
EndGlobal
